schema: '2.0'
stages:
  property_data_cleaning:
    cmd: python -m src.data.data_cleaning
    deps:
    - path: data/raw/f_original magicbricks cleaned 12022 data.csv
      hash: md5
      md5: 7cbbb4d92e3abeff61adf4cc440fa06a
      size: 49763296
    - path: src/data/data_cleaning.py
      hash: md5
      md5: e875c4a2198f7042f35344960c3eaf8f
      size: 79892
    outs:
    - path: data/cleaned/property_cleaned.csv
      hash: md5
      md5: 8841017466596042142b06cdc4920db4
      size: 5455200
  data_preparation:
    cmd: python -m src.data.data_preparation
    deps:
    - path: data/cleaned/property_cleaned.csv
      hash: md5
      md5: 8841017466596042142b06cdc4920db4
      size: 5455200
    - path: src/data/data_preparation.py
      hash: md5
      md5: 34638cfc1c85f9085ac8956c848bc501
      size: 3134
    params:
      params.yaml:
        Data_Preparation.random_state: 53
        Data_Preparation.test_size: 0.2
    outs:
    - path: data/interim/test.csv
      hash: md5
      md5: 7300ab2cf0af3753bf0fe02beb06a6a1
      size: 1074702
    - path: data/interim/train.csv
      hash: md5
      md5: 5e0e72f772fa8173ce144eafeab3c5cf
      size: 4284587
  preprocessing_and_train:
    cmd: python -m src.models.preprocess_train
    deps:
    - path: data/interim/test.csv
      hash: md5
      md5: 7300ab2cf0af3753bf0fe02beb06a6a1
      size: 1074702
    - path: data/interim/train.csv
      hash: md5
      md5: 5e0e72f772fa8173ce144eafeab3c5cf
      size: 4284587
    - path: src/models/preprocess_train.py
      hash: md5
      md5: 9d904a93b4fc6c01f7b4e359bb0cd31c
      size: 24671
    params:
      params.yaml:
        Train.cv_folds: 2
        Train.early_stopping_rounds: 50
        Train.knn_neighbors: 5
        Train.n_trials: 3
        Train.random_state: 53
        Train.target_col: price
    outs:
    - path: cache/artifacts_auto/best_per_family_summary_auto.pkl
      hash: md5
      md5: b8097a13c496e9af1aef1f7f223cfef2
      size: 412
    - path: cache/artifacts_auto/best_trial_params_auto.pkl
      hash: md5
      md5: 152d4fa8b04dd37b24f0f28f04144d99
      size: 217
    - path: cache/artifacts_auto/optuna_study_auto.pkl
      hash: md5
      md5: ff976da4d21996eb5b23bcf5cacd219e
      size: 9266
    - path: cache/predictions/oof_preds_log_baseline.pkl
      hash: md5
      md5: e4dd11273263109b7f1a3e4a6927d381
      size: 75817
    - path: cache/predictions/test_preds_avg_log_baseline.pkl
      hash: md5
      md5: 4260f06bb4ff049b1bdf1fabae15f292
      size: 19129
  evaluation:
    cmd: python -m src.models.evaluation
    deps:
    - path: cache/artifacts_auto/best_trial_params_auto.pkl
      hash: md5
      md5: 152d4fa8b04dd37b24f0f28f04144d99
      size: 217
    - path: data/interim/test.csv
      hash: md5
      md5: 7300ab2cf0af3753bf0fe02beb06a6a1
      size: 1074702
    - path: data/interim/train.csv
      hash: md5
      md5: 5e0e72f772fa8173ce144eafeab3c5cf
      size: 4284587
    - path: src/models/evaluation.py
      hash: md5
      md5: 2ec5ebe6577ec9c86f4e753b7f268b18
      size: 19275
    params:
      params.yaml:
        Train.target_col: price
    outs:
    - path: cache/artifacts_auto/cleaner_full_for_te.pkl
      hash: md5
      md5: 879a0aeef0e966be3b4638c40ed1f57f
      size: 3891
    - path: cache/artifacts_auto/final_model.joblib
      hash: md5
      md5: 7143715709f00854561c6d75388573cb
      size: 2963423
    - path: cache/artifacts_auto/preprocessor.joblib
      hash: md5
      md5: 544f8814f5cc7d742f79d765af951b67
      size: 3932821
    - path: cache/artifacts_auto/te_full.pkl
      hash: md5
      md5: 2d63e2b1dac162be308fd9c14d084c49
      size: 17413
    - path: cache/evaluation/eval_metrics.json
      hash: md5
      md5: d98eb8fbf925c1b29cf0b4f5512fedbb
      size: 484
    - path: cache/evaluation/predictions_test.csv
      hash: md5
      md5: b7f86e3753bda2adec70f871a5c4022f
      size: 57773
    - path: cache/evaluation/predictions_train.csv
      hash: md5
      md5: b8d67a4af921db2067031eff0a138d90
      size: 230794
    - path: cache/run_information.json
      hash: md5
      md5: e1f49651c133e979ca58fc6987397e33
      size: 122
  register_model:
    cmd: python -m src.models.register_model
    deps:
    - path: cache/run_information.json
      hash: md5
      md5: e1f49651c133e979ca58fc6987397e33
      size: 122
    - path: src/models/register_model.py
      hash: md5
      md5: 74f49e972eb06fad511001eab59d525e
      size: 4242
    outs:
    - path: cache/model_registry/registered_model_info.json
      hash: md5
      md5: b2f5088108b2bed148253ad25e6196ef
      size: 267
