schema: '2.0'
stages:
  property_data_cleaning:
    cmd: python -m src.data.data_cleaning
    deps:
    - path: data/raw/f_original magicbricks cleaned 12022 data.csv
      hash: md5
      md5: 7cbbb4d92e3abeff61adf4cc440fa06a
      size: 49763296
    - path: src/data/data_cleaning.py
      hash: md5
      md5: e875c4a2198f7042f35344960c3eaf8f
      size: 79892
    outs:
    - path: data/cleaned/property_cleaned.csv
      hash: md5
      md5: 8841017466596042142b06cdc4920db4
      size: 5455200
  data_preparation:
    cmd: python -m src.data.data_preparation
    deps:
    - path: data/cleaned/property_cleaned.csv
      hash: md5
      md5: 8841017466596042142b06cdc4920db4
      size: 5455200
    - path: src/data/data_preparation.py
      hash: md5
      md5: 34638cfc1c85f9085ac8956c848bc501
      size: 3134
    params:
      params.yaml:
        Data_Preparation.random_state: 49
        Data_Preparation.test_size: 0.2
    outs:
    - path: data/interim/test.csv
      hash: md5
      md5: 403aa107a205ce11e6c81bef37cdff98
      size: 1074594
    - path: data/interim/train.csv
      hash: md5
      md5: e447e09e320b06b7375504e9406c0362
      size: 4284695
  preprocessing_and_train:
    cmd: python -m src.models.preprocess_train
    deps:
    - path: data/interim/test.csv
      hash: md5
      md5: 403aa107a205ce11e6c81bef37cdff98
      size: 1074594
    - path: data/interim/train.csv
      hash: md5
      md5: e447e09e320b06b7375504e9406c0362
      size: 4284695
    - path: src/models/preprocess_train.py
      hash: md5
      md5: 9d904a93b4fc6c01f7b4e359bb0cd31c
      size: 24671
    params:
      params.yaml:
        Train.cv_folds: 2
        Train.early_stopping_rounds: 50
        Train.knn_neighbors: 5
        Train.n_trials: 3
        Train.random_state: 49
        Train.target_col: price
    outs:
    - path: cache/artifacts_auto/best_per_family_summary_auto.pkl
      hash: md5
      md5: 701d617b375ce9b477735abc6873f8de
      size: 387
    - path: cache/artifacts_auto/best_trial_params_auto.pkl
      hash: md5
      md5: ff194f222c89ccde1910fcb7efc3a788
      size: 179
    - path: cache/artifacts_auto/optuna_study_auto.pkl
      hash: md5
      md5: 4cefde735f94398b04cd92fd135b428f
      size: 8834
    - path: cache/predictions/oof_preds_log_baseline.pkl
      hash: md5
      md5: 3fc4536279b0e7bbe99a4fd1763d89ba
      size: 75817
    - path: cache/predictions/test_preds_avg_log_baseline.pkl
      hash: md5
      md5: 198d2a0d03e3de253ecb690f32612914
      size: 19129
  evaluation:
    cmd: python -m src.models.evaluation
    deps:
    - path: cache/artifacts_auto/best_trial_params_auto.pkl
      hash: md5
      md5: ff194f222c89ccde1910fcb7efc3a788
      size: 179
    - path: data/interim/test.csv
      hash: md5
      md5: 403aa107a205ce11e6c81bef37cdff98
      size: 1074594
    - path: data/interim/train.csv
      hash: md5
      md5: e447e09e320b06b7375504e9406c0362
      size: 4284695
    - path: src/models/evaluation.py
      hash: md5
      md5: 2ec5ebe6577ec9c86f4e753b7f268b18
      size: 19275
    params:
      params.yaml:
        Train.target_col: price
    outs:
    - path: cache/artifacts_auto/cleaner_full_for_te.pkl
      hash: md5
      md5: 86fcaeca31c1cbe0783d9433f0063933
      size: 3870
    - path: cache/artifacts_auto/final_model.joblib
      hash: md5
      md5: ec97cdb5d34096f61c20eec1da75883f
      size: 2017811
    - path: cache/artifacts_auto/preprocessor.joblib
      hash: md5
      md5: 48fff397463e0b6e54d93ad24315fa94
      size: 3932821
    - path: cache/artifacts_auto/te_full.pkl
      hash: md5
      md5: 9af95efa12d49c0321d8bda1e5f47d11
      size: 17277
    - path: cache/evaluation/eval_metrics.json
      hash: md5
      md5: d3b5dad3ed797cfdc9d7cc73f1af1e56
      size: 484
    - path: cache/evaluation/predictions_test.csv
      hash: md5
      md5: cebde6908362adeea1335b73d7df9d3c
      size: 37058
    - path: cache/evaluation/predictions_train.csv
      hash: md5
      md5: 98d16a7f9590cf4cdae52c5d63382c4f
      size: 148394
    - path: cache/run_information.json
      hash: md5
      md5: c1b3466062c1bf5daed0f2f9ac0de258
      size: 121
  register_model:
    cmd: python -m src.models.register_model
    deps:
    - path: cache/run_information.json
      hash: md5
      md5: c1b3466062c1bf5daed0f2f9ac0de258
      size: 121
    - path: src/models/register_model.py
      hash: md5
      md5: 74f49e972eb06fad511001eab59d525e
      size: 4242
    outs:
    - path: cache/model_registry/registered_model_info.json
      hash: md5
      md5: ec023dc9ff69cb118fc0de4a40b57fc6
      size: 266
