schema: '2.0'
stages:
  property_data_cleaning:
    cmd: python -m src.data.data_cleaning
    deps:
    - path: data/raw/f_original magicbricks cleaned 12022 data.csv
      hash: md5
      md5: 7cbbb4d92e3abeff61adf4cc440fa06a
      size: 49763296
    - path: src/data/data_cleaning.py
      hash: md5
      md5: e875c4a2198f7042f35344960c3eaf8f
      size: 79892
    outs:
    - path: data/cleaned/property_cleaned.csv
      hash: md5
      md5: 8841017466596042142b06cdc4920db4
      size: 5455200
  data_preparation:
    cmd: python -m src.data.data_preparation
    deps:
    - path: data/cleaned/property_cleaned.csv
      hash: md5
      md5: 8841017466596042142b06cdc4920db4
      size: 5455200
    - path: src/data/data_preparation.py
      hash: md5
      md5: 34638cfc1c85f9085ac8956c848bc501
      size: 3134
    params:
      params.yaml:
        Data_Preparation.random_state: 26
        Data_Preparation.test_size: 0.2
    outs:
    - path: data/interim/test.csv
      hash: md5
      md5: 1d6fcbc758ad60365c95b2328ecb86e6
      size: 1069137
    - path: data/interim/train.csv
      hash: md5
      md5: 38580f930e3b2d66e23617af400cea9d
      size: 4290152
  preprocessing_and_train:
    cmd: python -m src.models.preprocess_train
    deps:
    - path: data/interim/test.csv
      hash: md5
      md5: 1d6fcbc758ad60365c95b2328ecb86e6
      size: 1069137
    - path: data/interim/train.csv
      hash: md5
      md5: 38580f930e3b2d66e23617af400cea9d
      size: 4290152
    - path: src/models/preprocess_train.py
      hash: md5
      md5: 9d904a93b4fc6c01f7b4e359bb0cd31c
      size: 24671
    params:
      params.yaml:
        Train.cv_folds: 2
        Train.early_stopping_rounds: 50
        Train.knn_neighbors: 5
        Train.n_trials: 3
        Train.random_state: 26
        Train.target_col: price
    outs:
    - path: cache/artifacts_auto/best_per_family_summary_auto.pkl
      hash: md5
      md5: 63b5977a72545ac147866485247c5ab3
      size: 423
    - path: cache/artifacts_auto/best_trial_params_auto.pkl
      hash: md5
      md5: e6f04ba96e2edaf9e764f386cef1afb3
      size: 217
    - path: cache/artifacts_auto/optuna_study_auto.pkl
      hash: md5
      md5: e09dc398813c59c6cf3428774de681dc
      size: 9202
    - path: cache/predictions/oof_preds_log_baseline.pkl
      hash: md5
      md5: 414b8620fd84ae750fccdbd86e6eae1f
      size: 75817
    - path: cache/predictions/test_preds_avg_log_baseline.pkl
      hash: md5
      md5: a863e7a423dc6112ec30d8b92d690686
      size: 19129
  evaluation:
    cmd: python -m src.models.evaluation
    deps:
    - path: cache/artifacts_auto/best_trial_params_auto.pkl
      hash: md5
      md5: e6f04ba96e2edaf9e764f386cef1afb3
      size: 217
    - path: data/interim/test.csv
      hash: md5
      md5: 1d6fcbc758ad60365c95b2328ecb86e6
      size: 1069137
    - path: data/interim/train.csv
      hash: md5
      md5: 38580f930e3b2d66e23617af400cea9d
      size: 4290152
    - path: src/models/evaluation.py
      hash: md5
      md5: 2ec5ebe6577ec9c86f4e753b7f268b18
      size: 19275
    params:
      params.yaml:
        Train.target_col: price
    outs:
    - path: cache/artifacts_auto/cleaner_full_for_te.pkl
      hash: md5
      md5: 0724f9b84a871a2480ebe6d2e21c9903
      size: 3851
    - path: cache/artifacts_auto/final_model.joblib
      hash: md5
      md5: f0e96389a8db6a419709ad1f3a48fd8a
      size: 6289916
    - path: cache/artifacts_auto/preprocessor.joblib
      hash: md5
      md5: fba52237e9a3a718ea3678a88ed77de3
      size: 3932821
    - path: cache/artifacts_auto/te_full.pkl
      hash: md5
      md5: 8ff6d6802b170a8e13c845867caeceac
      size: 17181
    - path: cache/evaluation/eval_metrics.json
      hash: md5
      md5: dc4cfd2984abc990603caa206a55fd9e
      size: 486
    - path: cache/evaluation/predictions_test.csv
      hash: md5
      md5: 539880dbe3658edfab9945270ba9439d
      size: 57667
    - path: cache/evaluation/predictions_train.csv
      hash: md5
      md5: 1e0c4e0a78fa7dc0f8a2dacf69227d96
      size: 230947
    - path: cache/run_information.json
      hash: md5
      md5: 6d689ce031178395095e3761d32b3175
      size: 122
  register_model:
    cmd: python -m src.models.register_model
    deps:
    - path: cache/run_information.json
      hash: md5
      md5: 6d689ce031178395095e3761d32b3175
      size: 122
    - path: src/models/register_model.py
      hash: md5
      md5: 303d5c1fa023901e9da3913409a79373
      size: 4198
    outs:
    - path: cache/model_registry/registered_model_info.json
      hash: md5
      md5: b9da9d82f8e9be7f4aab943601bed249
      size: 268
